
Microsoft Visual Studio Solution File, Format Version 12.00
# Visual Studio 15
VisualStudioVersion = 15.0.28010.2050
MinimumVisualStudioVersion = 10.0.40219.1
Project("{FAE04EC0-301F-11D3-BF4B-00C04F79EFBC}") = "WindowsFormsApptest", "WindowsFormsApptest\WindowsFormsApptest.csproj", "{2DC04E02-3C37-4E69-9B4C-19BF8691F5F9}"
EndProject
Project("{FAE04EC0-301F-11D3-BF4B-00C04F79EFBC}") = "WindowsFormsoutlook", "WindowsFormsoutlook\WindowsFormsoutlook.csproj", "{521F6DC8-8FC4-4DF4-B014-AFFA4AD2A86C}"
EndProject
Project("{FAE04EC0-301F-11D3-BF4B-00C04F79EFBC}") = "Windows图形化导航界面", "Windows图形化导航界面\Windows图形化导航界面.csproj", "{CD708BAB-10DA-49AA-9351-7CE0E60A42B9}"
EndProject
Project("{FAE04EC0-301F-11D3-BF4B-00C04F79EFBC}") = "WindowsFormstestforVisible", "WindowsFormstestforVisible\WindowsFormstestforVisible.csproj", "{40559C69-31C5-49D5-B7A0-B0AD7E44241A}"
EndProject
Project("{FAE04EC0-301F-11D3-BF4B-00C04F79EFBC}") = "WindowsFormsHide", "WindowsFormsHide\WindowsFormsHide.csproj", "{53D9F20F-3937-4F52-A531-95967EC96EAB}"
EndProject
Global
	GlobalSection(SolutionConfigurationPlatforms) = preSolution
		Debug|Any CPU = Debug|Any CPU
		Release|Any CPU = Release|Any CPU
	EndGlobalSection
	GlobalSection(ProjectConfigurationPlatforms) = postSolution
		{2DC04E02-3C37-4E69-9B4C-19BF8691F5F9}.Debug|Any CPU.ActiveCfg = Debug|Any CPU
		{2DC04E02-3C37-4E69-9B4C-19BF8691F5F9}.Debug|Any CPU.Build.0 = Debug|Any CPU
		{2DC04E02-3C37-4E69-9B4C-19BF8691F5F9}.Release|Any CPU.ActiveCfg = Release|Any CPU
		{2DC04E02-3C37-4E69-9B4C-19BF8691F5F9}.Release|Any CPU.Build.0 = Release|Any CPU
		{521F6DC8-8FC4-4DF4-B014-AFFA4AD2A86C}.Debug|Any CPU.ActiveCfg = Debug|Any CPU
		{521F6DC8-8FC4-4DF4-B014-AFFA4AD2A86C}.Debug|Any CPU.Build.0 = Debug|Any CPU
		{521F6DC8-8FC4-4DF4-B014-AFFA4AD2A86C}.Release|Any CPU.ActiveCfg = Release|Any CPU
		{521F6DC8-8FC4-4DF4-B014-AFFA4AD2A86C}.Release|Any CPU.Build.0 = Release|Any CPU
		{CD708BAB-10DA-49AA-9351-7CE0E60A42B9}.Debug|Any CPU.ActiveCfg = Debug|Any CPU
		{CD708BAB-10DA-49AA-9351-7CE0E60A42B9}.Debug|Any CPU.Build.0 = Debug|Any CPU
		{CD708BAB-10DA-49AA-9351-7CE0E60A42B9}.Release|Any CPU.ActiveCfg = Release|Any CPU
		{CD708BAB-10DA-49AA-9351-7CE0E60A42B9}.Release|Any CPU.Build.0 = Release|Any CPU
		{40559C69-31C5-49D5-B7A0-B0AD7E44241A}.Debug|Any CPU.ActiveCfg = Debug|Any CPU
		{40559C69-31C5-49D5-B7A0-B0AD7E44241A}.Debug|Any CPU.Build.0 = Debug|Any CPU
		{40559C69-31C5-49D5-B7A0-B0AD7E44241A}.Release|Any CPU.ActiveCfg = Release|Any CPU
		{40559C69-31C5-49D5-B7A0-B0AD7E44241A}.Release|Any CPU.Build.0 = Release|Any CPU
		{53D9F20F-3937-4F52-A531-95967EC96EAB}.Debug|Any CPU.ActiveCfg = Debug|Any CPU
		{53D9F20F-3937-4F52-A531-95967EC96EAB}.Debug|Any CPU.Build.0 = Debug|Any CPU
		{53D9F20F-3937-4F52-A531-95967EC96EAB}.Release|Any CPU.ActiveCfg = Release|Any CPU
		{53D9F20F-3937-4F52-A531-95967EC96EAB}.Release|Any CPU.Build.0 = Release|Any CPU
	EndGlobalSection
	GlobalSection(SolutionProperties) = preSolution
		HideSolutionNode = FALSE
	EndGlobalSection
	GlobalSection(ExtensibilityGlobals) = postSolution
		SolutionGuid = {7DCFB9DF-6A58-4138-97C7-9D0E1D025DC7}
	EndGlobalSection
EndGlobal
